// !$*UTF8*$!
{
	archiveVersion = 1;
	classes = {
	};
	objectVersion = 51;
	objects = {

/* Begin PBXBuildFile section */
		034C4F3B2488EEE700B4E4EF /* AppDelegate.swift in Sources */ = {isa = PBXBuildFile; fileRef = 034C4F3A2488EEE700B4E4EF /* AppDelegate.swift */; };
		034C4F3D2488EEE700B4E4EF /* SceneDelegate.swift in Sources */ = {isa = PBXBuildFile; fileRef = 034C4F3C2488EEE700B4E4EF /* SceneDelegate.swift */; };
		034C4F422488EEE700B4E4EF /* Main.storyboard in Resources */ = {isa = PBXBuildFile; fileRef = 034C4F402488EEE700B4E4EF /* Main.storyboard */; };
		034C4F442488EF2100B4E4EF /* Assets.xcassets in Resources */ = {isa = PBXBuildFile; fileRef = 034C4F432488EF2100B4E4EF /* Assets.xcassets */; };
		034C4F472488EF2100B4E4EF /* LaunchScreen.storyboard in Resources */ = {isa = PBXBuildFile; fileRef = 034C4F452488EF2100B4E4EF /* LaunchScreen.storyboard */; };
		034C4F5D2488F36600B4E4EF /* LoginViewController.swift in Sources */ = {isa = PBXBuildFile; fileRef = 034C4F5C2488F36600B4E4EF /* LoginViewController.swift */; };
		034C4F5F2488F38800B4E4EF /* HomeViewController.swift in Sources */ = {isa = PBXBuildFile; fileRef = 034C4F5E2488F38800B4E4EF /* HomeViewController.swift */; };
		034C4F612488F3C100B4E4EF /* ImageSelectViewController.swift in Sources */ = {isa = PBXBuildFile; fileRef = 034C4F602488F3C100B4E4EF /* ImageSelectViewController.swift */; };
		034C4F632488F3E100B4E4EF /* PostViewController.swift in Sources */ = {isa = PBXBuildFile; fileRef = 034C4F622488F3E100B4E4EF /* PostViewController.swift */; };
		034C4F652488F40100B4E4EF /* SettingViewController.swift in Sources */ = {isa = PBXBuildFile; fileRef = 034C4F642488F40100B4E4EF /* SettingViewController.swift */; };
		035B34F6248A0EC2004C9EB8 /* TabBarController.swift in Sources */ = {isa = PBXBuildFile; fileRef = 035B34F5248A0EC2004C9EB8 /* TabBarController.swift */; };
		035B34F8248A1DCE004C9EB8 /* GoogleService-Info.plist in Resources */ = {isa = PBXBuildFile; fileRef = 035B34F7248A1DCE004C9EB8 /* GoogleService-Info.plist */; };
		036689AE2490E43900FEA89F /* PostData.swift in Sources */ = {isa = PBXBuildFile; fileRef = 036689AD2490E43900FEA89F /* PostData.swift */; };
		036689B72491B1A900FEA89F /* PostTableViewCell.swift in Sources */ = {isa = PBXBuildFile; fileRef = 036689B52491B1A900FEA89F /* PostTableViewCell.swift */; };
		036689B82491B1A900FEA89F /* PostTableViewCell.xib in Resources */ = {isa = PBXBuildFile; fileRef = 036689B62491B1A900FEA89F /* PostTableViewCell.xib */; };
		03DD8798248E0CF4000BBF74 /* Const.swift in Sources */ = {isa = PBXBuildFile; fileRef = 03DD8797248E0CF4000BBF74 /* Const.swift */; };
		1451282C451F2CEBB2193867 /* Pods_Instagram.framework in Frameworks */ = {isa = PBXBuildFile; fileRef = A8EEAC70BFC7190E4CC35508 /* Pods_Instagram.framework */; };
/* End PBXBuildFile section */

/* Begin PBXFileReference section */
		034C4F372488EEE700B4E4EF /* Instagram.app */ = {isa = PBXFileReference; explicitFileType = wrapper.application; includeInIndex = 0; path = Instagram.app; sourceTree = BUILT_PRODUCTS_DIR; };
		034C4F3A2488EEE700B4E4EF /* AppDelegate.swift */ = {isa = PBXFileReference; lastKnownFileType = sourcecode.swift; path = AppDelegate.swift; sourceTree = "<group>"; };
		034C4F3C2488EEE700B4E4EF /* SceneDelegate.swift */ = {isa = PBXFileReference; lastKnownFileType = sourcecode.swift; path = SceneDelegate.swift; sourceTree = "<group>"; };
		034C4F412488EEE700B4E4EF /* Base */ = {isa = PBXFileReference; lastKnownFileType = file.storyboard; name = Base; path = Base.lproj/Main.storyboard; sourceTree = "<group>"; };
		034C4F432488EF2100B4E4EF /* Assets.xcassets */ = {isa = PBXFileReference; lastKnownFileType = folder.assetcatalog; path = Assets.xcassets; sourceTree = "<group>"; };
		034C4F462488EF2100B4E4EF /* Base */ = {isa = PBXFileReference; lastKnownFileType = file.storyboard; name = Base; path = Base.lproj/LaunchScreen.storyboard; sourceTree = "<group>"; };
		034C4F482488EF2100B4E4EF /* Info.plist */ = {isa = PBXFileReference; lastKnownFileType = text.plist.xml; path = Info.plist; sourceTree = "<group>"; };
		034C4F5C2488F36600B4E4EF /* LoginViewController.swift */ = {isa = PBXFileReference; lastKnownFileType = sourcecode.swift; path = LoginViewController.swift; sourceTree = "<group>"; };
		034C4F5E2488F38800B4E4EF /* HomeViewController.swift */ = {isa = PBXFileReference; lastKnownFileType = sourcecode.swift; path = HomeViewController.swift; sourceTree = "<group>"; };
		034C4F602488F3C100B4E4EF /* ImageSelectViewController.swift */ = {isa = PBXFileReference; lastKnownFileType = sourcecode.swift; path = ImageSelectViewController.swift; sourceTree = "<group>"; };
		034C4F622488F3E100B4E4EF /* PostViewController.swift */ = {isa = PBXFileReference; lastKnownFileType = sourcecode.swift; path = PostViewController.swift; sourceTree = "<group>"; };
		034C4F642488F40100B4E4EF /* SettingViewController.swift */ = {isa = PBXFileReference; lastKnownFileType = sourcecode.swift; path = SettingViewController.swift; sourceTree = "<group>"; };
		035B34F5248A0EC2004C9EB8 /* TabBarController.swift */ = {isa = PBXFileReference; lastKnownFileType = sourcecode.swift; path = TabBarController.swift; sourceTree = "<group>"; };
		035B34F7248A1DCE004C9EB8 /* GoogleService-Info.plist */ = {isa = PBXFileReference; fileEncoding = 4; lastKnownFileType = text.plist.xml; path = "GoogleService-Info.plist"; sourceTree = "<group>"; };
		036689AD2490E43900FEA89F /* PostData.swift */ = {isa = PBXFileReference; lastKnownFileType = sourcecode.swift; path = PostData.swift; sourceTree = "<group>"; };
		036689B52491B1A900FEA89F /* PostTableViewCell.swift */ = {isa = PBXFileReference; lastKnownFileType = sourcecode.swift; path = PostTableViewCell.swift; sourceTree = "<group>"; };
		036689B62491B1A900FEA89F /* PostTableViewCell.xib */ = {isa = PBXFileReference; lastKnownFileType = file.xib; path = PostTableViewCell.xib; sourceTree = "<group>"; };
		03DD8797248E0CF4000BBF74 /* Const.swift */ = {isa = PBXFileReference; lastKnownFileType = sourcecode.swift; path = Const.swift; sourceTree = "<group>"; };
		35AC588D86451E35787B05B9 /* Pods-Instagram.release.xcconfig */ = {isa = PBXFileReference; includeInIndex = 1; lastKnownFileType = text.xcconfig; name = "Pods-Instagram.release.xcconfig"; path = "Target Support Files/Pods-Instagram/Pods-Instagram.release.xcconfig"; sourceTree = "<group>"; };
		3EBAFF37EF63E651AE9133F0 /* Pods-Instagram.debug.xcconfig */ = {isa = PBXFileReference; includeInIndex = 1; lastKnownFileType = text.xcconfig; name = "Pods-Instagram.debug.xcconfig"; path = "Target Support Files/Pods-Instagram/Pods-Instagram.debug.xcconfig"; sourceTree = "<group>"; };
		A8EEAC70BFC7190E4CC35508 /* Pods_Instagram.framework */ = {isa = PBXFileReference; explicitFileType = wrapper.framework; includeInIndex = 0; path = Pods_Instagram.framework; sourceTree = BUILT_PRODUCTS_DIR; };
/* End PBXFileReference section */

/* Begin PBXFrameworksBuildPhase section */
		034C4F342488EEE700B4E4EF /* Frameworks */ = {
			isa = PBXFrameworksBuildPhase;
			buildActionMask = 2147483647;
			files = (
				1451282C451F2CEBB2193867 /* Pods_Instagram.framework in Frameworks */,
			);
			runOnlyForDeploymentPostprocessing = 0;
		};
/* End PBXFrameworksBuildPhase section */

/* Begin PBXGroup section */
		034C4F2E2488EEE700B4E4EF = {
			isa = PBXGroup;
			children = (
				034C4F392488EEE700B4E4EF /* Instagram */,
				034C4F382488EEE700B4E4EF /* Products */,
				06D26AF57AA227D8007E4691 /* Pods */,
				1A5F2751D671930444AD954A /* Frameworks */,
			);
			sourceTree = "<group>";
		};
		034C4F382488EEE700B4E4EF /* Products */ = {
			isa = PBXGroup;
			children = (
				034C4F372488EEE700B4E4EF /* Instagram.app */,
			);
			name = Products;
			sourceTree = "<group>";
		};
		034C4F392488EEE700B4E4EF /* Instagram */ = {
			isa = PBXGroup;
			children = (
				034C4F3A2488EEE700B4E4EF /* AppDelegate.swift */,
				034C4F3C2488EEE700B4E4EF /* SceneDelegate.swift */,
				034C4F642488F40100B4E4EF /* SettingViewController.swift */,
				034C4F622488F3E100B4E4EF /* PostViewController.swift */,
				034C4F602488F3C100B4E4EF /* ImageSelectViewController.swift */,
				036689B52491B1A900FEA89F /* PostTableViewCell.swift */,
				036689B62491B1A900FEA89F /* PostTableViewCell.xib */,
				034C4F5E2488F38800B4E4EF /* HomeViewController.swift */,
				036689AD2490E43900FEA89F /* PostData.swift */,
				035B34F7248A1DCE004C9EB8 /* GoogleService-Info.plist */,
				03DD8797248E0CF4000BBF74 /* Const.swift */,
				034C4F5C2488F36600B4E4EF /* LoginViewController.swift */,
				034C4F402488EEE700B4E4EF /* Main.storyboard */,
				035B34F5248A0EC2004C9EB8 /* TabBarController.swift */,
				034C4F432488EF2100B4E4EF /* Assets.xcassets */,
				034C4F452488EF2100B4E4EF /* LaunchScreen.storyboard */,
				034C4F482488EF2100B4E4EF /* Info.plist */,
			);
			path = Instagram;
			sourceTree = "<group>";
		};
		06D26AF57AA227D8007E4691 /* Pods */ = {
			isa = PBXGroup;
			children = (
				3EBAFF37EF63E651AE9133F0 /* Pods-Instagram.debug.xcconfig */,
				35AC588D86451E35787B05B9 /* Pods-Instagram.release.xcconfig */,
			);
			path = Pods;
			sourceTree = "<group>";
		};
		1A5F2751D671930444AD954A /* Frameworks */ = {
			isa = PBXGroup;
			children = (
				A8EEAC70BFC7190E4CC35508 /* Pods_Instagram.framework */,
			);
			name = Frameworks;
			sourceTree = "<group>";
		};
/* End PBXGroup section */

/* Begin PBXNativeTarget section */
		034C4F362488EEE700B4E4EF /* Instagram */ = {
			isa = PBXNativeTarget;
			buildConfigurationList = 034C4F4B2488EF2100B4E4EF /* Build configuration list for PBXNativeTarget "Instagram" */;
			buildPhases = (
				C3D85C46120B35B482334C37 /* [CP] Check Pods Manifest.lock */,
				034C4F332488EEE700B4E4EF /* Sources */,
				034C4F342488EEE700B4E4EF /* Frameworks */,
				034C4F352488EEE700B4E4EF /* Resources */,
				8BF44692CD0CFF80598E7F09 /* [CP] Embed Pods Frameworks */,
			);
			buildRules = (
			);
			dependencies = (
			);
			name = Instagram;
			productName = Instagram;
			productReference = 034C4F372488EEE700B4E4EF /* Instagram.app */;
			productType = "com.apple.product-type.application";
		};
/* End PBXNativeTarget section */

/* Begin PBXProject section */
		034C4F2F2488EEE700B4E4EF /* Project object */ = {
			isa = PBXProject;
			attributes = {
				LastSwiftUpdateCheck = 1110;
				LastUpgradeCheck = 1110;
				ORGANIZATIONNAME = D;
				TargetAttributes = {
					034C4F362488EEE700B4E4EF = {
						CreatedOnToolsVersion = 11.1;
					};
				};
			};
			buildConfigurationList = 034C4F322488EEE700B4E4EF /* Build configuration list for PBXProject "Instagram" */;
			compatibilityVersion = "Xcode 9.3";
			developmentRegion = en;
			hasScannedForEncodings = 0;
			knownRegions = (
				en,
				Base,
			);
			mainGroup = 034C4F2E2488EEE700B4E4EF;
			productRefGroup = 034C4F382488EEE700B4E4EF /* Products */;
			projectDirPath = "";
			projectRoot = "";
			targets = (
				034C4F362488EEE700B4E4EF /* Instagram */,
			);
		};
/* End PBXProject section */

/* Begin PBXResourcesBuildPhase section */
		034C4F352488EEE700B4E4EF /* Resources */ = {
			isa = PBXResourcesBuildPhase;
			buildActionMask = 2147483647;
			files = (
				034C4F472488EF2100B4E4EF /* LaunchScreen.storyboard in Resources */,
				036689B82491B1A900FEA89F /* PostTableViewCell.xib in Resources */,
				035B34F8248A1DCE004C9EB8 /* GoogleService-Info.plist in Resources */,
				034C4F442488EF2100B4E4EF /* Assets.xcassets in Resources */,
				034C4F422488EEE700B4E4EF /* Main.storyboard in Resources */,
			);
			runOnlyForDeploymentPostprocessing = 0;
		};
/* End PBXResourcesBuildPhase section */

/* Begin PBXShellScriptBuildPhase section */
		8BF44692CD0CFF80598E7F09 /* [CP] Embed Pods Frameworks */ = {
			isa = PBXShellScriptBuildPhase;
			buildActionMask = 2147483647;
			files = (
			);
			inputFileListPaths = (
				"${PODS_ROOT}/Target Support Files/Pods-Instagram/Pods-Instagram-frameworks-${CONFIGURATION}-input-files.xcfilelist",
			);
			name = "[CP] Embed Pods Frameworks";
			outputFileListPaths = (
				"${PODS_ROOT}/Target Support Files/Pods-Instagram/Pods-Instagram-frameworks-${CONFIGURATION}-output-files.xcfilelist",
			);
			runOnlyForDeploymentPostprocessing = 0;
			shellPath = /bin/sh;
			shellScript = "\"${PODS_ROOT}/Target Support Files/Pods-Instagram/Pods-Instagram-frameworks.sh\"\n";
			showEnvVarsInLog = 0;
		};
		C3D85C46120B35B482334C37 /* [CP] Check Pods Manifest.lock */ = {
			isa = PBXShellScriptBuildPhase;
			buildActionMask = 2147483647;
			files = (
			);
			inputFileListPaths = (
			);
			inputPaths = (
				"${PODS_PODFILE_DIR_PATH}/Podfile.lock",
				"${PODS_ROOT}/Manifest.lock",
			);
			name = "[CP] Check Pods Manifest.lock";
			outputFileListPaths = (
			);
			outputPaths = (
				"$(DERIVED_FILE_DIR)/Pods-Instagram-checkManifestLockResult.txt",
			);
			runOnlyForDeploymentPostprocessing = 0;
			shellPath = /bin/sh;
			shellScript = "diff \"${PODS_PODFILE_DIR_PATH}/Podfile.lock\" \"${PODS_ROOT}/Manifest.lock\" > /dev/null\nif [ $? != 0 ] ; then\n    # print error to STDERR\n    echo \"error: The sandbox is not in sync with the Podfile.lock. Run 'pod install' or update your CocoaPods installation.\" >&2\n    exit 1\nfi\n# This output is used by Xcode 'outputs' to avoid re-running this script phase.\necho \"SUCCESS\" > \"${SCRIPT_OUTPUT_FILE_0}\"\n";
			showEnvVarsInLog = 0;
		};
/* End PBXShellScriptBuildPhase section */

/* Begin PBXSourcesBuildPhase section */
		034C4F332488EEE700B4E4EF /* Sources */ = {
			isa = PBXSourcesBuildPhase;
			buildActionMask = 2147483647;
			files = (
				036689B72491B1A900FEA89F /* PostTableViewCell.swift in Sources */,
				034C4F612488F3C100B4E4EF /* ImageSelectViewController.swift in Sources */,
				035B34F6248A0EC2004C9EB8 /* TabBarController.swift in Sources */,
				034C4F5F2488F38800B4E4EF /* HomeViewController.swift in Sources */,
				034C4F632488F3E100B4E4EF /* PostViewController.swift in Sources */,
				034C4F652488F40100B4E4EF /* SettingViewController.swift in Sources */,
				036689AE2490E43900FEA89F /* PostData.swift in Sources */,
				034C4F5D2488F36600B4E4EF /* LoginViewController.swift in Sources */,
				034C4F3B2488EEE700B4E4EF /* AppDelegate.swift in Sources */,
				034C4F3D2488EEE700B4E4EF /* SceneDelegate.swift in Sources */,
				03DD8798248E0CF4000BBF74 /* Const.swift in Sources */,
			);
			runOnlyForDeploymentPostprocessing = 0;
		};
/* End PBXSourcesBuildPhase section */

/* Begin PBXVariantGroup section */
		034C4F402488EEE700B4E4EF /* Main.storyboard */ = {
			isa = PBXVariantGroup;
			children = (
				034C4F412488EEE700B4E4EF /* Base */,
			);
			name = Main.storyboard;
			sourceTree = "<group>";
		};
		034C4F452488EF2100B4E4EF /* LaunchScreen.storyboard */ = {
			isa = PBXVariantGroup;
			children = (
				034C4F462488EF2100B4E4EF /* Base */,
			);
			name = LaunchScreen.storyboard;
			sourceTree = "<group>";
		};
/* End PBXVariantGroup section */

/* Begin XCBuildConfiguration section */
		034C4F492488EF2100B4E4EF /* Debug */ = {
			isa = XCBuildConfiguration;
			buildSettings = {
				ALWAYS_SEARCH_USER_PATHS = NO;
				CLANG_ANALYZER_NONNULL = YES;
				CLANG_ANALYZER_NUMBER_OBJECT_CONVERSION = YES_AGGRESSIVE;
				CLANG_CXX_LANGUAGE_STANDARD = "gnu++14";
				CLANG_CXX_LIBRARY = "libc++";
				CLANG_ENABLE_MODULES = YES;
				CLANG_ENABLE_OBJC_ARC = YES;
				CLANG_ENABLE_OBJC_WEAK = YES;
				CLANG_WARN_BLOCK_CAPTURE_AUTORELEASING = YES;
				CLANG_WARN_BOOL_CONVERSION = YES;
				CLANG_WARN_COMMA = YES;
				CLANG_WARN_CONSTANT_CONVERSION = YES;
				CLANG_WARN_DEPRECATED_OBJC_IMPLEMENTATIONS = YES;
				CLANG_WARN_DIRECT_OBJC_ISA_USAGE = YES_ERROR;
				CLANG_WARN_DOCUMENTATION_COMMENTS = YES;
				CLANG_WARN_EMPTY_BODY = YES;
				CLANG_WARN_ENUM_CONVERSION = YES;
				CLANG_WARN_INFINITE_RECURSION = YES;
				CLANG_WARN_INT_CONVERSION = YES;
				CLANG_WARN_NON_LITERAL_NULL_CONVERSION = YES;
				CLANG_WARN_OBJC_IMPLICIT_RETAIN_SELF = YES;
				CLANG_WARN_OBJC_LITERAL_CONVERSION = YES;
				CLANG_WARN_OBJC_ROOT_CLASS = YES_ERROR;
				CLANG_WARN_RANGE_LOOP_ANALYSIS = YES;
				CLANG_WARN_STRICT_PROTOTYPES = YES;
				CLANG_WARN_SUSPICIOUS_MOVE = YES;
				CLANG_WARN_UNGUARDED_AVAILABILITY = YES_AGGRESSIVE;
				CLANG_WARN_UNREACHABLE_CODE = YES;
				CLANG_WARN__DUPLICATE_METHOD_MATCH = YES;
				COPY_PHASE_STRIP = NO;
				DEBUG_INFORMATION_FORMAT = dwarf;
				ENABLE_STRICT_OBJC_MSGSEND = YES;
				ENABLE_TESTABILITY = YES;
				GCC_C_LANGUAGE_STANDARD = gnu11;
				GCC_DYNAMIC_NO_PIC = NO;
				GCC_NO_COMMON_BLOCKS = YES;
				GCC_OPTIMIZATION_LEVEL = 0;
				GCC_PREPROCESSOR_DEFINITIONS = (
					"DEBUG=1",
					"$(inherited)",
				);
				GCC_WARN_64_TO_32_BIT_CONVERSION = YES;
				GCC_WARN_ABOUT_RETURN_TYPE = YES_ERROR;
				GCC_WARN_UNDECLARED_SELECTOR = YES;
				GCC_WARN_UNINITIALIZED_AUTOS = YES_AGGRESSIVE;
				GCC_WARN_UNUSED_FUNCTION = YES;
				GCC_WARN_UNUSED_VARIABLE = YES;
				IPHONEOS_DEPLOYMENT_TARGET = 13.1;
				MTL_ENABLE_DEBUG_INFO = INCLUDE_SOURCE;
				MTL_FAST_MATH = YES;
				ONLY_ACTIVE_ARCH = YES;
				SDKROOT = iphoneos;
				SWIFT_ACTIVE_COMPILATION_CONDITIONS = DEBUG;
				SWIFT_OPTIMIZATION_LEVEL = "-Onone";
			};
			name = Debug;
		};
		034C4F4A2488EF2100B4E4EF /* Release */ = {
			isa = XCBuildConfiguration;
			buildSettings = {
				ALWAYS_SEARCH_USER_PATHS = NO;
				CLANG_ANALYZER_NONNULL = YES;
				CLANG_ANALYZER_NUMBER_OBJECT_CONVERSION = YES_AGGRESSIVE;
				CLANG_CXX_LANGUAGE_STANDARD = "gnu++14";
				CLANG_CXX_LIBRARY = "libc++";
				CLANG_ENABLE_MODULES = YES;
				CLANG_ENABLE_OBJC_ARC = YES;
				CLANG_ENABLE_OBJC_WEAK = YES;
				CLANG_WARN_BLOCK_CAPTURE_AUTORELEASING = YES;
				CLANG_WARN_BOOL_CONVERSION = YES;
				CLANG_WARN_COMMA = YES;
				CLANG_WARN_CONSTANT_CONVERSION = YES;
				CLANG_WARN_DEPRECATED_OBJC_IMPLEMENTATIONS = YES;
				CLANG_WARN_DIRECT_OBJC_ISA_USAGE = YES_ERROR;
				CLANG_WARN_DOCUMENTATION_COMMENTS = YES;
				CLANG_WARN_EMPTY_BODY = YES;
				CLANG_WARN_ENUM_CONVERSION = YES;
				CLANG_WARN_INFINITE_RECURSION = YES;
				CLANG_WARN_INT_CONVERSION = YES;
				CLANG_WARN_NON_LITERAL_NULL_CONVERSION = YES;
				CLANG_WARN_OBJC_IMPLICIT_RETAIN_SELF = YES;
				CLANG_WARN_OBJC_LITERAL_CONVERSION = YES;
				CLANG_WARN_OBJC_ROOT_CLASS = YES_ERROR;
				CLANG_WARN_RANGE_LOOP_ANALYSIS = YES;
				CLANG_WARN_STRICT_PROTOTYPES = YES;
				CLANG_WARN_SUSPICIOUS_MOVE = YES;
				CLANG_WARN_UNGUARDED_AVAILABILITY = YES_AGGRESSIVE;
				CLANG_WARN_UNREACHABLE_CODE = YES;
				CLANG_WARN__DUPLICATE_METHOD_MATCH = YES;
				COPY_PHASE_STRIP = NO;
				DEBUG_INFORMATION_FORMAT = "dwarf-with-dsym";
				ENABLE_NS_ASSERTIONS = NO;
				ENABLE_STRICT_OBJC_MSGSEND = YES;
				GCC_C_LANGUAGE_STANDARD = gnu11;
				GCC_NO_COMMON_BLOCKS = YES;
				GCC_WARN_64_TO_32_BIT_CONVERSION = YES;
				GCC_WARN_ABOUT_RETURN_TYPE = YES_ERROR;
				GCC_WARN_UNDECLARED_SELECTOR = YES;
				GCC_WARN_UNINITIALIZED_AUTOS = YES_AGGRESSIVE;
				GCC_WARN_UNUSED_FUNCTION = YES;
				GCC_WARN_UNUSED_VARIABLE = YES;
				IPHONEOS_DEPLOYMENT_TARGET = 13.1;
				MTL_ENABLE_DEBUG_INFO = NO;
				MTL_FAST_MATH = YES;
				SDKROOT = iphoneos;
				SWIFT_COMPILATION_MODE = wholemodule;
				SWIFT_OPTIMIZATION_LEVEL = "-O";
				VALIDATE_PRODUCT = YES;
			};
			name = Release;
		};
		034C4F4C2488EF2100B4E4EF /* Debug */ = {
			isa = XCBuildConfiguration;
			baseConfigurationReference = 3EBAFF37EF63E651AE9133F0 /* Pods-Instagram.debug.xcconfig */;
			buildSettings = {
				ASSETCATALOG_COMPILER_APPICON_NAME = AppIcon;
				CODE_SIGN_STYLE = Automatic;
				DEVELOPMENT_TEAM = 4YUWN74D8S;
				INFOPLIST_FILE = Instagram/Info.plist;
				LD_RUNPATH_SEARCH_PATHS = (
					"$(inherited)",
					"@executable_path/Frameworks",
				);
				PRODUCT_BUNDLE_IDENTIFIER = jp.techacademy.ryu.suzuki.Instagram;
				PRODUCT_NAME = "$(TARGET_NAME)";
				SWIFT_VERSION = 5.0;
				TARGETED_DEVICE_FAMILY = 1;
			};
			name = Debug;
		};
		034C4F4D2488EF2100B4E4EF /* Release */ = {
			isa = XCBuildConfiguration;
			baseConfigurationReference = 35AC588D86451E35787B05B9 /* Pods-Instagram.release.xcconfig */;
			buildSettings = {
				ASSETCATALOG_COMPILER_APPICON_NAME = AppIcon;
				CODE_SIGN_STYLE = Automatic;
				DEVELOPMENT_TEAM = 4YUWN74D8S;
				INFOPLIST_FILE = Instagram/Info.plist;
				LD_RUNPATH_SEARCH_PATHS = (
					"$(inherited)",
					"@executable_path/Frameworks",
				);
				PRODUCT_BUNDLE_IDENTIFIER = jp.techacademy.ryu.suzuki.Instagram;
				PRODUCT_NAME = "$(TARGET_NAME)";
				SWIFT_VERSION = 5.0;
				TARGETED_DEVICE_FAMILY = 1;
			};
			name = Release;
		};
/* End XCBuildConfiguration section */

/* Begin XCConfigurationList section */
		034C4F322488EEE700B4E4EF /* Build configuration list for PBXProject "Instagram" */ = {
			isa = XCConfigurationList;
			buildConfigurations = (
				034C4F492488EF2100B4E4EF /* Debug */,
				034C4F4A2488EF2100B4E4EF /* Release */,
			);
			defaultConfigurationIsVisible = 0;
			defaultConfigurationName = Release;
		};
		034C4F4B2488EF2100B4E4EF /* Build configuration list for PBXNativeTarget "Instagram" */ = {
			isa = XCConfigurationList;
			buildConfigurations = (
				034C4F4C2488EF2100B4E4EF /* Debug */,
				034C4F4D2488EF2100B4E4EF /* Release */,
			);
			defaultConfigurationIsVisible = 0;
			defaultConfigurationName = Release;
		};
/* End XCConfigurationList section */
	};
	rootObject = 034C4F2F2488EEE700B4E4EF /* Project object */;
}
